{
  "name": "directory_tree_panel",
  "version": "0.1.0",
  "lockfileVersion": 1,
  "requires": true,
  "dependencies": {
    "colors": {
      "version": "1.4.0",
      "resolved": "https://registry.npmjs.org/colors/-/colors-1.4.0.tgz",
      "integrity": "sha512-a+UqTh4kgZg/SlGvfbzDHpgRu7AAQOmmqRHJnxhRZICKFUT91brVhNNt58CMWU9PsBbv3PDCZUHbVxuDiH2mtA=="
    },
    "directory-tree": {
      "version": "2.2.6",
      "resolved": "https://registry.npmjs.org/directory-tree/-/directory-tree-2.2.6.tgz",
      "integrity": "sha512-0xF1t4fRkd2vYCremWjhcP4xWTnshzfPZpTCH3F1yJTXhW84YQQM1MasAMnnqyMAkNwGuUEdg9UzuuUo1uoHtA=="
    }
  }
}
